
Microsoft Visual Studio Solution File, Format Version 12.00
# Visual Studio Version 16
VisualStudioVersion = 16.0.31005.135
MinimumVisualStudioVersion = 10.0.40219.1
Project("{D954291E-2A0B-460D-934E-DC6B0785DB48}") = "QuestArc.Shared", "QuestArc\QuestArc.Shared\QuestArc.Shared.shproj", "{6279C845-92F8-4333-AB99-3D213163593C}"
EndProject
Project("{2150E333-8FDC-42A3-9474-1A3956D46DE8}") = "Platforms", "Platforms", "{F097BB2A-C754-4CD0-8CBE-AB48226C8B81}"
EndProject
Project("{FAE04EC0-301F-11D3-BF4B-00C04F79EFBC}") = "QuestArc.Droid", "QuestArc\QuestArc.Droid\QuestArc.Droid.csproj", "{69EDBC93-C741-4808-B9AB-6A7374A528DF}"
EndProject
Project("{FAE04EC0-301F-11D3-BF4B-00C04F79EFBC}") = "QuestArc.iOS", "QuestArc\QuestArc.iOS\QuestArc.iOS.csproj", "{6E631F93-C620-4894-9B62-8078121C87A8}"
EndProject
Project("{FAE04EC0-301F-11D3-BF4B-00C04F79EFBC}") = "QuestArc.UWP", "QuestArc\QuestArc.UWP\QuestArc.UWP.csproj", "{FDDA259A-517F-49C2-A860-F20471B6410B}"
EndProject
Project("{9A19103F-16F7-4668-BE54-9A1E7A4F7556}") = "QuestArc.Wasm", "QuestArc\QuestArc.Wasm\QuestArc.Wasm.csproj", "{4EA17A35-3C91-4D67-B96C-2E97A3C4BC52}"
EndProject
Project("{FAE04EC0-301F-11D3-BF4B-00C04F79EFBC}") = "QuestArc.macOS", "QuestArc\QuestArc.macOS\QuestArc.macOS.csproj", "{DA5FAA64-A9A5-460C-AB72-3A2AA5EC7B2B}"
EndProject
Project("{9A19103F-16F7-4668-BE54-9A1E7A4F7556}") = "QuestArc.Skia.Wpf.Host", "QuestArc\QuestArc.Skia.Wpf.Host\QuestArc.Skia.Wpf.Host.csproj", "{006D5045-A39B-4A6F-B0C8-9DA1CFE70D9C}"
EndProject
Project("{9A19103F-16F7-4668-BE54-9A1E7A4F7556}") = "QuestArc.Skia.Wpf", "QuestArc\QuestArc.Skia.Wpf\QuestArc.Skia.Wpf.csproj", "{57653FE5-7395-48C4-AD55-D072FBC08E32}"
EndProject
Project("{9A19103F-16F7-4668-BE54-9A1E7A4F7556}") = "QuestArc.Skia.Gtk", "QuestArc\QuestArc.Skia.Gtk\QuestArc.Skia.Gtk.csproj", "{63A2EFAC-3B4F-4B7C-9EEE-30D5842EF6FB}"
EndProject
Project("{9A19103F-16F7-4668-BE54-9A1E7A4F7556}") = "QuestArc.Skia.Tizen", "QuestArc\QuestArc.Skia.Tizen\QuestArc.Skia.Tizen.csproj", "{0E4088BB-AE70-4901-8330-831F335D7428}"
EndProject
Global
	GlobalSection(SharedMSBuildProjectFiles) = preSolution
		QuestArc\QuestArc.Shared\QuestArc.Shared.projitems*{0e4088bb-ae70-4901-8330-831f335d7428}*SharedItemsImports = 5
		QuestArc\QuestArc.Shared\QuestArc.Shared.projitems*{4ea17a35-3c91-4d67-b96c-2e97a3c4bc52}*SharedItemsImports = 5
		QuestArc\QuestArc.Shared\QuestArc.Shared.projitems*{57653fe5-7395-48c4-ad55-d072fbc08e32}*SharedItemsImports = 5
		QuestArc\QuestArc.Shared\QuestArc.Shared.projitems*{6279c845-92f8-4333-ab99-3d213163593c}*SharedItemsImports = 13
		QuestArc\QuestArc.Shared\QuestArc.Shared.projitems*{63a2efac-3b4f-4b7c-9eee-30d5842ef6fb}*SharedItemsImports = 5
		QuestArc\QuestArc.Shared\QuestArc.Shared.projitems*{69edbc93-c741-4808-b9ab-6a7374a528df}*SharedItemsImports = 4
		QuestArc\QuestArc.Shared\QuestArc.Shared.projitems*{6e631f93-c620-4894-9b62-8078121c87a8}*SharedItemsImports = 4
		QuestArc\QuestArc.Shared\QuestArc.Shared.projitems*{da5faa64-a9a5-460c-ab72-3a2aa5ec7b2b}*SharedItemsImports = 4
		QuestArc\QuestArc.Shared\QuestArc.Shared.projitems*{fdda259a-517f-49c2-a860-f20471b6410b}*SharedItemsImports = 4
	EndGlobalSection
	GlobalSection(SolutionConfigurationPlatforms) = preSolution
		Ad-Hoc|Any CPU = Ad-Hoc|Any CPU
		Ad-Hoc|ARM = Ad-Hoc|ARM
		Ad-Hoc|ARM64 = Ad-Hoc|ARM64
		Ad-Hoc|iPhone = Ad-Hoc|iPhone
		Ad-Hoc|iPhoneSimulator = Ad-Hoc|iPhoneSimulator
		Ad-Hoc|x64 = Ad-Hoc|x64
		Ad-Hoc|x86 = Ad-Hoc|x86
		AppStore|Any CPU = AppStore|Any CPU
		AppStore|ARM = AppStore|ARM
		AppStore|ARM64 = AppStore|ARM64
		AppStore|iPhone = AppStore|iPhone
		AppStore|iPhoneSimulator = AppStore|iPhoneSimulator
		AppStore|x64 = AppStore|x64
		AppStore|x86 = AppStore|x86
		Debug|Any CPU = Debug|Any CPU
		Debug|ARM = Debug|ARM
		Debug|ARM64 = Debug|ARM64
		Debug|iPhone = Debug|iPhone
		Debug|iPhoneSimulator = Debug|iPhoneSimulator
		Debug|x64 = Debug|x64
		Debug|x86 = Debug|x86
		Release|Any CPU = Release|Any CPU
		Release|ARM = Release|ARM
		Release|ARM64 = Release|ARM64
		Release|iPhone = Release|iPhone
		Release|iPhoneSimulator = Release|iPhoneSimulator
		Release|x64 = Release|x64
		Release|x86 = Release|x86
	EndGlobalSection
	GlobalSection(ProjectConfigurationPlatforms) = postSolution
		{69EDBC93-C741-4808-B9AB-6A7374A528DF}.Ad-Hoc|Any CPU.ActiveCfg = Debug|Any CPU
		{69EDBC93-C741-4808-B9AB-6A7374A528DF}.Ad-Hoc|Any CPU.Build.0 = Debug|Any CPU
		{69EDBC93-C741-4808-B9AB-6A7374A528DF}.Ad-Hoc|Any CPU.Deploy.0 = Debug|Any CPU
		{69EDBC93-C741-4808-B9AB-6A7374A528DF}.Ad-Hoc|ARM.ActiveCfg = Debug|Any CPU
		{69EDBC93-C741-4808-B9AB-6A7374A528DF}.Ad-Hoc|ARM.Build.0 = Debug|Any CPU
		{69EDBC93-C741-4808-B9AB-6A7374A528DF}.Ad-Hoc|ARM.Deploy.0 = Debug|Any CPU
		{69EDBC93-C741-4808-B9AB-6A7374A528DF}.Ad-Hoc|ARM64.ActiveCfg = Debug|Any CPU
		{69EDBC93-C741-4808-B9AB-6A7374A528DF}.Ad-Hoc|ARM64.Build.0 = Debug|Any CPU
		{69EDBC93-C741-4808-B9AB-6A7374A528DF}.Ad-Hoc|ARM64.Deploy.0 = Debug|Any CPU
		{69EDBC93-C741-4808-B9AB-6A7374A528DF}.Ad-Hoc|iPhone.ActiveCfg = Debug|Any CPU
		{69EDBC93-C741-4808-B9AB-6A7374A528DF}.Ad-Hoc|iPhone.Build.0 = Debug|Any CPU
		{69EDBC93-C741-4808-B9AB-6A7374A528DF}.Ad-Hoc|iPhone.Deploy.0 = Debug|Any CPU
		{69EDBC93-C741-4808-B9AB-6A7374A528DF}.Ad-Hoc|iPhoneSimulator.ActiveCfg = Debug|Any CPU
		{69EDBC93-C741-4808-B9AB-6A7374A528DF}.Ad-Hoc|iPhoneSimulator.Build.0 = Debug|Any CPU
		{69EDBC93-C741-4808-B9AB-6A7374A528DF}.Ad-Hoc|iPhoneSimulator.Deploy.0 = Debug|Any CPU
		{69EDBC93-C741-4808-B9AB-6A7374A528DF}.Ad-Hoc|x64.ActiveCfg = Debug|Any CPU
		{69EDBC93-C741-4808-B9AB-6A7374A528DF}.Ad-Hoc|x64.Build.0 = Debug|Any CPU
		{69EDBC93-C741-4808-B9AB-6A7374A528DF}.Ad-Hoc|x64.Deploy.0 = Debug|Any CPU
		{69EDBC93-C741-4808-B9AB-6A7374A528DF}.Ad-Hoc|x86.ActiveCfg = Debug|Any CPU
		{69EDBC93-C741-4808-B9AB-6A7374A528DF}.Ad-Hoc|x86.Build.0 = Debug|Any CPU
		{69EDBC93-C741-4808-B9AB-6A7374A528DF}.Ad-Hoc|x86.Deploy.0 = Debug|Any CPU
		{69EDBC93-C741-4808-B9AB-6A7374A528DF}.AppStore|Any CPU.ActiveCfg = Debug|Any CPU
		{69EDBC93-C741-4808-B9AB-6A7374A528DF}.AppStore|Any CPU.Build.0 = Debug|Any CPU
		{69EDBC93-C741-4808-B9AB-6A7374A528DF}.AppStore|Any CPU.Deploy.0 = Debug|Any CPU
		{69EDBC93-C741-4808-B9AB-6A7374A528DF}.AppStore|ARM.ActiveCfg = Debug|Any CPU
		{69EDBC93-C741-4808-B9AB-6A7374A528DF}.AppStore|ARM.Build.0 = Debug|Any CPU
		{69EDBC93-C741-4808-B9AB-6A7374A528DF}.AppStore|ARM.Deploy.0 = Debug|Any CPU
		{69EDBC93-C741-4808-B9AB-6A7374A528DF}.AppStore|ARM64.ActiveCfg = Debug|Any CPU
		{69EDBC93-C741-4808-B9AB-6A7374A528DF}.AppStore|ARM64.Build.0 = Debug|Any CPU
		{69EDBC93-C741-4808-B9AB-6A7374A528DF}.AppStore|ARM64.Deploy.0 = Debug|Any CPU
		{69EDBC93-C741-4808-B9AB-6A7374A528DF}.AppStore|iPhone.ActiveCfg = Debug|Any CPU
		{69EDBC93-C741-4808-B9AB-6A7374A528DF}.AppStore|iPhone.Build.0 = Debug|Any CPU
		{69EDBC93-C741-4808-B9AB-6A7374A528DF}.AppStore|iPhone.Deploy.0 = Debug|Any CPU
		{69EDBC93-C741-4808-B9AB-6A7374A528DF}.AppStore|iPhoneSimulator.ActiveCfg = Debug|Any CPU
		{69EDBC93-C741-4808-B9AB-6A7374A528DF}.AppStore|iPhoneSimulator.Build.0 = Debug|Any CPU
		{69EDBC93-C741-4808-B9AB-6A7374A528DF}.AppStore|iPhoneSimulator.Deploy.0 = Debug|Any CPU
		{69EDBC93-C741-4808-B9AB-6A7374A528DF}.AppStore|x64.ActiveCfg = Debug|Any CPU
		{69EDBC93-C741-4808-B9AB-6A7374A528DF}.AppStore|x64.Build.0 = Debug|Any CPU
		{69EDBC93-C741-4808-B9AB-6A7374A528DF}.AppStore|x64.Deploy.0 = Debug|Any CPU
		{69EDBC93-C741-4808-B9AB-6A7374A528DF}.AppStore|x86.ActiveCfg = Debug|Any CPU
		{69EDBC93-C741-4808-B9AB-6A7374A528DF}.AppStore|x86.Build.0 = Debug|Any CPU
		{69EDBC93-C741-4808-B9AB-6A7374A528DF}.AppStore|x86.Deploy.0 = Debug|Any CPU
		{69EDBC93-C741-4808-B9AB-6A7374A528DF}.Debug|Any CPU.ActiveCfg = Debug|Any CPU
		{69EDBC93-C741-4808-B9AB-6A7374A528DF}.Debug|Any CPU.Build.0 = Debug|Any CPU
		{69EDBC93-C741-4808-B9AB-6A7374A528DF}.Debug|Any CPU.Deploy.0 = Debug|Any CPU
		{69EDBC93-C741-4808-B9AB-6A7374A528DF}.Debug|ARM.ActiveCfg = Debug|Any CPU
		{69EDBC93-C741-4808-B9AB-6A7374A528DF}.Debug|ARM.Build.0 = Debug|Any CPU
		{69EDBC93-C741-4808-B9AB-6A7374A528DF}.Debug|ARM.Deploy.0 = Debug|Any CPU
		{69EDBC93-C741-4808-B9AB-6A7374A528DF}.Debug|ARM64.ActiveCfg = Debug|Any CPU
		{69EDBC93-C741-4808-B9AB-6A7374A528DF}.Debug|ARM64.Build.0 = Debug|Any CPU
		{69EDBC93-C741-4808-B9AB-6A7374A528DF}.Debug|ARM64.Deploy.0 = Debug|Any CPU
		{69EDBC93-C741-4808-B9AB-6A7374A528DF}.Debug|iPhone.ActiveCfg = Debug|Any CPU
		{69EDBC93-C741-4808-B9AB-6A7374A528DF}.Debug|iPhone.Build.0 = Debug|Any CPU
		{69EDBC93-C741-4808-B9AB-6A7374A528DF}.Debug|iPhone.Deploy.0 = Debug|Any CPU
		{69EDBC93-C741-4808-B9AB-6A7374A528DF}.Debug|iPhoneSimulator.ActiveCfg = Debug|Any CPU
		{69EDBC93-C741-4808-B9AB-6A7374A528DF}.Debug|iPhoneSimulator.Build.0 = Debug|Any CPU
		{69EDBC93-C741-4808-B9AB-6A7374A528DF}.Debug|iPhoneSimulator.Deploy.0 = Debug|Any CPU
		{69EDBC93-C741-4808-B9AB-6A7374A528DF}.Debug|x64.ActiveCfg = Debug|Any CPU
		{69EDBC93-C741-4808-B9AB-6A7374A528DF}.Debug|x64.Build.0 = Debug|Any CPU
		{69EDBC93-C741-4808-B9AB-6A7374A528DF}.Debug|x64.Deploy.0 = Debug|Any CPU
		{69EDBC93-C741-4808-B9AB-6A7374A528DF}.Debug|x86.ActiveCfg = Debug|Any CPU
		{69EDBC93-C741-4808-B9AB-6A7374A528DF}.Debug|x86.Build.0 = Debug|Any CPU
		{69EDBC93-C741-4808-B9AB-6A7374A528DF}.Debug|x86.Deploy.0 = Debug|Any CPU
		{69EDBC93-C741-4808-B9AB-6A7374A528DF}.Release|Any CPU.ActiveCfg = Release|Any CPU
		{69EDBC93-C741-4808-B9AB-6A7374A528DF}.Release|Any CPU.Build.0 = Release|Any CPU
		{69EDBC93-C741-4808-B9AB-6A7374A528DF}.Release|Any CPU.Deploy.0 = Release|Any CPU
		{69EDBC93-C741-4808-B9AB-6A7374A528DF}.Release|ARM.ActiveCfg = Release|Any CPU
		{69EDBC93-C741-4808-B9AB-6A7374A528DF}.Release|ARM.Build.0 = Release|Any CPU
		{69EDBC93-C741-4808-B9AB-6A7374A528DF}.Release|ARM.Deploy.0 = Release|Any CPU
		{69EDBC93-C741-4808-B9AB-6A7374A528DF}.Release|ARM64.ActiveCfg = Release|Any CPU
		{69EDBC93-C741-4808-B9AB-6A7374A528DF}.Release|ARM64.Build.0 = Release|Any CPU
		{69EDBC93-C741-4808-B9AB-6A7374A528DF}.Release|ARM64.Deploy.0 = Release|Any CPU
		{69EDBC93-C741-4808-B9AB-6A7374A528DF}.Release|iPhone.ActiveCfg = Release|Any CPU
		{69EDBC93-C741-4808-B9AB-6A7374A528DF}.Release|iPhone.Build.0 = Release|Any CPU
		{69EDBC93-C741-4808-B9AB-6A7374A528DF}.Release|iPhone.Deploy.0 = Release|Any CPU
		{69EDBC93-C741-4808-B9AB-6A7374A528DF}.Release|iPhoneSimulator.ActiveCfg = Release|Any CPU
		{69EDBC93-C741-4808-B9AB-6A7374A528DF}.Release|iPhoneSimulator.Build.0 = Release|Any CPU
		{69EDBC93-C741-4808-B9AB-6A7374A528DF}.Release|iPhoneSimulator.Deploy.0 = Release|Any CPU
		{69EDBC93-C741-4808-B9AB-6A7374A528DF}.Release|x64.ActiveCfg = Release|Any CPU
		{69EDBC93-C741-4808-B9AB-6A7374A528DF}.Release|x64.Build.0 = Release|Any CPU
		{69EDBC93-C741-4808-B9AB-6A7374A528DF}.Release|x64.Deploy.0 = Release|Any CPU
		{69EDBC93-C741-4808-B9AB-6A7374A528DF}.Release|x86.ActiveCfg = Release|Any CPU
		{69EDBC93-C741-4808-B9AB-6A7374A528DF}.Release|x86.Build.0 = Release|Any CPU
		{69EDBC93-C741-4808-B9AB-6A7374A528DF}.Release|x86.Deploy.0 = Release|Any CPU
		{6E631F93-C620-4894-9B62-8078121C87A8}.Ad-Hoc|Any CPU.ActiveCfg = Ad-Hoc|iPhoneSimulator
		{6E631F93-C620-4894-9B62-8078121C87A8}.Ad-Hoc|ARM.ActiveCfg = Ad-Hoc|iPhoneSimulator
		{6E631F93-C620-4894-9B62-8078121C87A8}.Ad-Hoc|ARM64.ActiveCfg = Ad-Hoc|iPhoneSimulator
		{6E631F93-C620-4894-9B62-8078121C87A8}.Ad-Hoc|iPhone.ActiveCfg = Ad-Hoc|iPhone
		{6E631F93-C620-4894-9B62-8078121C87A8}.Ad-Hoc|iPhone.Build.0 = Ad-Hoc|iPhone
		{6E631F93-C620-4894-9B62-8078121C87A8}.Ad-Hoc|iPhoneSimulator.ActiveCfg = Ad-Hoc|iPhoneSimulator
		{6E631F93-C620-4894-9B62-8078121C87A8}.Ad-Hoc|iPhoneSimulator.Build.0 = Ad-Hoc|iPhoneSimulator
		{6E631F93-C620-4894-9B62-8078121C87A8}.Ad-Hoc|x64.ActiveCfg = Ad-Hoc|iPhoneSimulator
		{6E631F93-C620-4894-9B62-8078121C87A8}.Ad-Hoc|x86.ActiveCfg = Ad-Hoc|iPhoneSimulator
		{6E631F93-C620-4894-9B62-8078121C87A8}.AppStore|Any CPU.ActiveCfg = AppStore|iPhoneSimulator
		{6E631F93-C620-4894-9B62-8078121C87A8}.AppStore|ARM.ActiveCfg = AppStore|iPhoneSimulator
		{6E631F93-C620-4894-9B62-8078121C87A8}.AppStore|ARM64.ActiveCfg = AppStore|iPhoneSimulator
		{6E631F93-C620-4894-9B62-8078121C87A8}.AppStore|iPhone.ActiveCfg = AppStore|iPhone
		{6E631F93-C620-4894-9B62-8078121C87A8}.AppStore|iPhone.Build.0 = AppStore|iPhone
		{6E631F93-C620-4894-9B62-8078121C87A8}.AppStore|iPhoneSimulator.ActiveCfg = AppStore|iPhoneSimulator
		{6E631F93-C620-4894-9B62-8078121C87A8}.AppStore|iPhoneSimulator.Build.0 = AppStore|iPhoneSimulator
		{6E631F93-C620-4894-9B62-8078121C87A8}.AppStore|x64.ActiveCfg = AppStore|iPhoneSimulator
		{6E631F93-C620-4894-9B62-8078121C87A8}.AppStore|x86.ActiveCfg = AppStore|iPhoneSimulator
		{6E631F93-C620-4894-9B62-8078121C87A8}.Debug|Any CPU.ActiveCfg = Debug|iPhoneSimulator
		{6E631F93-C620-4894-9B62-8078121C87A8}.Debug|ARM.ActiveCfg = Debug|iPhoneSimulator
		{6E631F93-C620-4894-9B62-8078121C87A8}.Debug|ARM64.ActiveCfg = Debug|iPhoneSimulator
		{6E631F93-C620-4894-9B62-8078121C87A8}.Debug|iPhone.ActiveCfg = Debug|iPhone
		{6E631F93-C620-4894-9B62-8078121C87A8}.Debug|iPhone.Build.0 = Debug|iPhone
		{6E631F93-C620-4894-9B62-8078121C87A8}.Debug|iPhoneSimulator.ActiveCfg = Debug|iPhoneSimulator
		{6E631F93-C620-4894-9B62-8078121C87A8}.Debug|iPhoneSimulator.Build.0 = Debug|iPhoneSimulator
		{6E631F93-C620-4894-9B62-8078121C87A8}.Debug|x64.ActiveCfg = Debug|iPhoneSimulator
		{6E631F93-C620-4894-9B62-8078121C87A8}.Debug|x86.ActiveCfg = Debug|iPhoneSimulator
		{6E631F93-C620-4894-9B62-8078121C87A8}.Release|Any CPU.ActiveCfg = Release|iPhoneSimulator
		{6E631F93-C620-4894-9B62-8078121C87A8}.Release|ARM.ActiveCfg = Release|iPhoneSimulator
		{6E631F93-C620-4894-9B62-8078121C87A8}.Release|ARM64.ActiveCfg = Release|iPhoneSimulator
		{6E631F93-C620-4894-9B62-8078121C87A8}.Release|iPhone.ActiveCfg = Release|iPhone
		{6E631F93-C620-4894-9B62-8078121C87A8}.Release|iPhone.Build.0 = Release|iPhone
		{6E631F93-C620-4894-9B62-8078121C87A8}.Release|iPhoneSimulator.ActiveCfg = Release|iPhoneSimulator
		{6E631F93-C620-4894-9B62-8078121C87A8}.Release|iPhoneSimulator.Build.0 = Release|iPhoneSimulator
		{6E631F93-C620-4894-9B62-8078121C87A8}.Release|x64.ActiveCfg = Release|iPhoneSimulator
		{6E631F93-C620-4894-9B62-8078121C87A8}.Release|x86.ActiveCfg = Release|iPhoneSimulator
		{FDDA259A-517F-49C2-A860-F20471B6410B}.Ad-Hoc|Any CPU.ActiveCfg = Debug|x86
		{FDDA259A-517F-49C2-A860-F20471B6410B}.Ad-Hoc|Any CPU.Build.0 = Debug|x86
		{FDDA259A-517F-49C2-A860-F20471B6410B}.Ad-Hoc|Any CPU.Deploy.0 = Debug|x86
		{FDDA259A-517F-49C2-A860-F20471B6410B}.Ad-Hoc|ARM.ActiveCfg = Debug|ARM
		{FDDA259A-517F-49C2-A860-F20471B6410B}.Ad-Hoc|ARM.Build.0 = Debug|ARM
		{FDDA259A-517F-49C2-A860-F20471B6410B}.Ad-Hoc|ARM.Deploy.0 = Debug|ARM
		{FDDA259A-517F-49C2-A860-F20471B6410B}.Ad-Hoc|ARM64.ActiveCfg = Debug|ARM64
		{FDDA259A-517F-49C2-A860-F20471B6410B}.Ad-Hoc|ARM64.Build.0 = Debug|ARM64
		{FDDA259A-517F-49C2-A860-F20471B6410B}.Ad-Hoc|ARM64.Deploy.0 = Debug|ARM64
		{FDDA259A-517F-49C2-A860-F20471B6410B}.Ad-Hoc|iPhone.ActiveCfg = Debug|x86
		{FDDA259A-517F-49C2-A860-F20471B6410B}.Ad-Hoc|iPhone.Build.0 = Debug|x86
		{FDDA259A-517F-49C2-A860-F20471B6410B}.Ad-Hoc|iPhone.Deploy.0 = Debug|x86
		{FDDA259A-517F-49C2-A860-F20471B6410B}.Ad-Hoc|iPhoneSimulator.ActiveCfg = Debug|x86
		{FDDA259A-517F-49C2-A860-F20471B6410B}.Ad-Hoc|iPhoneSimulator.Build.0 = Debug|x86
		{FDDA259A-517F-49C2-A860-F20471B6410B}.Ad-Hoc|iPhoneSimulator.Deploy.0 = Debug|x86
		{FDDA259A-517F-49C2-A860-F20471B6410B}.Ad-Hoc|x64.ActiveCfg = Debug|x64
		{FDDA259A-517F-49C2-A860-F20471B6410B}.Ad-Hoc|x64.Build.0 = Debug|x64
		{FDDA259A-517F-49C2-A860-F20471B6410B}.Ad-Hoc|x64.Deploy.0 = Debug|x64
		{FDDA259A-517F-49C2-A860-F20471B6410B}.Ad-Hoc|x86.ActiveCfg = Debug|x86
		{FDDA259A-517F-49C2-A860-F20471B6410B}.Ad-Hoc|x86.Build.0 = Debug|x86
		{FDDA259A-517F-49C2-A860-F20471B6410B}.Ad-Hoc|x86.Deploy.0 = Debug|x86
		{FDDA259A-517F-49C2-A860-F20471B6410B}.AppStore|Any CPU.ActiveCfg = Debug|x86
		{FDDA259A-517F-49C2-A860-F20471B6410B}.AppStore|Any CPU.Build.0 = Debug|x86
		{FDDA259A-517F-49C2-A860-F20471B6410B}.AppStore|Any CPU.Deploy.0 = Debug|x86
		{FDDA259A-517F-49C2-A860-F20471B6410B}.AppStore|ARM.ActiveCfg = Debug|ARM
		{FDDA259A-517F-49C2-A860-F20471B6410B}.AppStore|ARM.Build.0 = Debug|ARM
		{FDDA259A-517F-49C2-A860-F20471B6410B}.AppStore|ARM.Deploy.0 = Debug|ARM
		{FDDA259A-517F-49C2-A860-F20471B6410B}.AppStore|ARM64.ActiveCfg = Debug|ARM64
		{FDDA259A-517F-49C2-A860-F20471B6410B}.AppStore|ARM64.Build.0 = Debug|ARM64
		{FDDA259A-517F-49C2-A860-F20471B6410B}.AppStore|ARM64.Deploy.0 = Debug|ARM64
		{FDDA259A-517F-49C2-A860-F20471B6410B}.AppStore|iPhone.ActiveCfg = Debug|x86
		{FDDA259A-517F-49C2-A860-F20471B6410B}.AppStore|iPhone.Build.0 = Debug|x86
		{FDDA259A-517F-49C2-A860-F20471B6410B}.AppStore|iPhone.Deploy.0 = Debug|x86
		{FDDA259A-517F-49C2-A860-F20471B6410B}.AppStore|iPhoneSimulator.ActiveCfg = Debug|x86
		{FDDA259A-517F-49C2-A860-F20471B6410B}.AppStore|iPhoneSimulator.Build.0 = Debug|x86
		{FDDA259A-517F-49C2-A860-F20471B6410B}.AppStore|iPhoneSimulator.Deploy.0 = Debug|x86
		{FDDA259A-517F-49C2-A860-F20471B6410B}.AppStore|x64.ActiveCfg = Debug|x64
		{FDDA259A-517F-49C2-A860-F20471B6410B}.AppStore|x64.Build.0 = Debug|x64
		{FDDA259A-517F-49C2-A860-F20471B6410B}.AppStore|x64.Deploy.0 = Debug|x64
		{FDDA259A-517F-49C2-A860-F20471B6410B}.AppStore|x86.ActiveCfg = Debug|x86
		{FDDA259A-517F-49C2-A860-F20471B6410B}.AppStore|x86.Build.0 = Debug|x86
		{FDDA259A-517F-49C2-A860-F20471B6410B}.AppStore|x86.Deploy.0 = Debug|x86
		{FDDA259A-517F-49C2-A860-F20471B6410B}.Debug|Any CPU.ActiveCfg = Debug|x86
		{FDDA259A-517F-49C2-A860-F20471B6410B}.Debug|Any CPU.Build.0 = Debug|x86
		{FDDA259A-517F-49C2-A860-F20471B6410B}.Debug|Any CPU.Deploy.0 = Debug|x86
		{FDDA259A-517F-49C2-A860-F20471B6410B}.Debug|ARM.ActiveCfg = Debug|ARM
		{FDDA259A-517F-49C2-A860-F20471B6410B}.Debug|ARM.Build.0 = Debug|ARM
		{FDDA259A-517F-49C2-A860-F20471B6410B}.Debug|ARM.Deploy.0 = Debug|ARM
		{FDDA259A-517F-49C2-A860-F20471B6410B}.Debug|ARM64.ActiveCfg = Debug|ARM64
		{FDDA259A-517F-49C2-A860-F20471B6410B}.Debug|ARM64.Build.0 = Debug|ARM64
		{FDDA259A-517F-49C2-A860-F20471B6410B}.Debug|ARM64.Deploy.0 = Debug|ARM64
		{FDDA259A-517F-49C2-A860-F20471B6410B}.Debug|iPhone.ActiveCfg = Debug|x86
		{FDDA259A-517F-49C2-A860-F20471B6410B}.Debug|iPhoneSimulator.ActiveCfg = Debug|x86
		{FDDA259A-517F-49C2-A860-F20471B6410B}.Debug|x64.ActiveCfg = Debug|x64
		{FDDA259A-517F-49C2-A860-F20471B6410B}.Debug|x64.Build.0 = Debug|x64
		{FDDA259A-517F-49C2-A860-F20471B6410B}.Debug|x64.Deploy.0 = Debug|x64
		{FDDA259A-517F-49C2-A860-F20471B6410B}.Debug|x86.ActiveCfg = Debug|x86
		{FDDA259A-517F-49C2-A860-F20471B6410B}.Debug|x86.Build.0 = Debug|x86
		{FDDA259A-517F-49C2-A860-F20471B6410B}.Debug|x86.Deploy.0 = Debug|x86
		{FDDA259A-517F-49C2-A860-F20471B6410B}.Release|Any CPU.ActiveCfg = Release|x86
		{FDDA259A-517F-49C2-A860-F20471B6410B}.Release|ARM.ActiveCfg = Release|ARM
		{FDDA259A-517F-49C2-A860-F20471B6410B}.Release|ARM.Build.0 = Release|ARM
		{FDDA259A-517F-49C2-A860-F20471B6410B}.Release|ARM.Deploy.0 = Release|ARM
		{FDDA259A-517F-49C2-A860-F20471B6410B}.Release|ARM64.ActiveCfg = Release|ARM64
		{FDDA259A-517F-49C2-A860-F20471B6410B}.Release|ARM64.Build.0 = Release|ARM64
		{FDDA259A-517F-49C2-A860-F20471B6410B}.Release|ARM64.Deploy.0 = Release|ARM64
		{FDDA259A-517F-49C2-A860-F20471B6410B}.Release|iPhone.ActiveCfg = Release|x86
		{FDDA259A-517F-49C2-A860-F20471B6410B}.Release|iPhoneSimulator.ActiveCfg = Release|x86
		{FDDA259A-517F-49C2-A860-F20471B6410B}.Release|x64.ActiveCfg = Release|x64
		{FDDA259A-517F-49C2-A860-F20471B6410B}.Release|x64.Build.0 = Release|x64
		{FDDA259A-517F-49C2-A860-F20471B6410B}.Release|x64.Deploy.0 = Release|x64
		{FDDA259A-517F-49C2-A860-F20471B6410B}.Release|x86.ActiveCfg = Release|x86
		{FDDA259A-517F-49C2-A860-F20471B6410B}.Release|x86.Build.0 = Release|x86
		{FDDA259A-517F-49C2-A860-F20471B6410B}.Release|x86.Deploy.0 = Release|x86
		{4EA17A35-3C91-4D67-B96C-2E97A3C4BC52}.Ad-Hoc|Any CPU.ActiveCfg = Debug|Any CPU
		{4EA17A35-3C91-4D67-B96C-2E97A3C4BC52}.Ad-Hoc|Any CPU.Build.0 = Debug|Any CPU
		{4EA17A35-3C91-4D67-B96C-2E97A3C4BC52}.Ad-Hoc|ARM.ActiveCfg = Debug|Any CPU
		{4EA17A35-3C91-4D67-B96C-2E97A3C4BC52}.Ad-Hoc|ARM.Build.0 = Debug|Any CPU
		{4EA17A35-3C91-4D67-B96C-2E97A3C4BC52}.Ad-Hoc|ARM64.ActiveCfg = Debug|Any CPU
		{4EA17A35-3C91-4D67-B96C-2E97A3C4BC52}.Ad-Hoc|ARM64.Build.0 = Debug|Any CPU
		{4EA17A35-3C91-4D67-B96C-2E97A3C4BC52}.Ad-Hoc|iPhone.ActiveCfg = Debug|Any CPU
		{4EA17A35-3C91-4D67-B96C-2E97A3C4BC52}.Ad-Hoc|iPhone.Build.0 = Debug|Any CPU
		{4EA17A35-3C91-4D67-B96C-2E97A3C4BC52}.Ad-Hoc|iPhoneSimulator.ActiveCfg = Debug|Any CPU
		{4EA17A35-3C91-4D67-B96C-2E97A3C4BC52}.Ad-Hoc|iPhoneSimulator.Build.0 = Debug|Any CPU
		{4EA17A35-3C91-4D67-B96C-2E97A3C4BC52}.Ad-Hoc|x64.ActiveCfg = Debug|Any CPU
		{4EA17A35-3C91-4D67-B96C-2E97A3C4BC52}.Ad-Hoc|x64.Build.0 = Debug|Any CPU
		{4EA17A35-3C91-4D67-B96C-2E97A3C4BC52}.Ad-Hoc|x86.ActiveCfg = Debug|Any CPU
		{4EA17A35-3C91-4D67-B96C-2E97A3C4BC52}.Ad-Hoc|x86.Build.0 = Debug|Any CPU
		{4EA17A35-3C91-4D67-B96C-2E97A3C4BC52}.AppStore|Any CPU.ActiveCfg = Debug|Any CPU
		{4EA17A35-3C91-4D67-B96C-2E97A3C4BC52}.AppStore|Any CPU.Build.0 = Debug|Any CPU
		{4EA17A35-3C91-4D67-B96C-2E97A3C4BC52}.AppStore|ARM.ActiveCfg = Debug|Any CPU
		{4EA17A35-3C91-4D67-B96C-2E97A3C4BC52}.AppStore|ARM.Build.0 = Debug|Any CPU
		{4EA17A35-3C91-4D67-B96C-2E97A3C4BC52}.AppStore|ARM64.ActiveCfg = Debug|Any CPU
		{4EA17A35-3C91-4D67-B96C-2E97A3C4BC52}.AppStore|ARM64.Build.0 = Debug|Any CPU
		{4EA17A35-3C91-4D67-B96C-2E97A3C4BC52}.AppStore|iPhone.ActiveCfg = Debug|Any CPU
		{4EA17A35-3C91-4D67-B96C-2E97A3C4BC52}.AppStore|iPhone.Build.0 = Debug|Any CPU
		{4EA17A35-3C91-4D67-B96C-2E97A3C4BC52}.AppStore|iPhoneSimulator.ActiveCfg = Debug|Any CPU
		{4EA17A35-3C91-4D67-B96C-2E97A3C4BC52}.AppStore|iPhoneSimulator.Build.0 = Debug|Any CPU
		{4EA17A35-3C91-4D67-B96C-2E97A3C4BC52}.AppStore|x64.ActiveCfg = Debug|Any CPU
		{4EA17A35-3C91-4D67-B96C-2E97A3C4BC52}.AppStore|x64.Build.0 = Debug|Any CPU
		{4EA17A35-3C91-4D67-B96C-2E97A3C4BC52}.AppStore|x86.ActiveCfg = Debug|Any CPU
		{4EA17A35-3C91-4D67-B96C-2E97A3C4BC52}.AppStore|x86.Build.0 = Debug|Any CPU
		{4EA17A35-3C91-4D67-B96C-2E97A3C4BC52}.Debug|Any CPU.ActiveCfg = Debug|Any CPU
		{4EA17A35-3C91-4D67-B96C-2E97A3C4BC52}.Debug|ARM.ActiveCfg = Debug|Any CPU
		{4EA17A35-3C91-4D67-B96C-2E97A3C4BC52}.Debug|ARM.Build.0 = Debug|Any CPU
		{4EA17A35-3C91-4D67-B96C-2E97A3C4BC52}.Debug|ARM64.ActiveCfg = Debug|Any CPU
		{4EA17A35-3C91-4D67-B96C-2E97A3C4BC52}.Debug|ARM64.Build.0 = Debug|Any CPU
		{4EA17A35-3C91-4D67-B96C-2E97A3C4BC52}.Debug|iPhone.ActiveCfg = Debug|Any CPU
		{4EA17A35-3C91-4D67-B96C-2E97A3C4BC52}.Debug|iPhone.Build.0 = Debug|Any CPU
		{4EA17A35-3C91-4D67-B96C-2E97A3C4BC52}.Debug|iPhoneSimulator.ActiveCfg = Debug|Any CPU
		{4EA17A35-3C91-4D67-B96C-2E97A3C4BC52}.Debug|iPhoneSimulator.Build.0 = Debug|Any CPU
		{4EA17A35-3C91-4D67-B96C-2E97A3C4BC52}.Debug|x64.ActiveCfg = Debug|Any CPU
		{4EA17A35-3C91-4D67-B96C-2E97A3C4BC52}.Debug|x64.Build.0 = Debug|Any CPU
		{4EA17A35-3C91-4D67-B96C-2E97A3C4BC52}.Debug|x86.ActiveCfg = Debug|Any CPU
		{4EA17A35-3C91-4D67-B96C-2E97A3C4BC52}.Debug|x86.Build.0 = Debug|Any CPU
		{4EA17A35-3C91-4D67-B96C-2E97A3C4BC52}.Release|Any CPU.ActiveCfg = Release|Any CPU
		{4EA17A35-3C91-4D67-B96C-2E97A3C4BC52}.Release|Any CPU.Build.0 = Release|Any CPU
		{4EA17A35-3C91-4D67-B96C-2E97A3C4BC52}.Release|ARM.ActiveCfg = Release|Any CPU
		{4EA17A35-3C91-4D67-B96C-2E97A3C4BC52}.Release|ARM.Build.0 = Release|Any CPU
		{4EA17A35-3C91-4D67-B96C-2E97A3C4BC52}.Release|ARM64.ActiveCfg = Release|Any CPU
		{4EA17A35-3C91-4D67-B96C-2E97A3C4BC52}.Release|ARM64.Build.0 = Release|Any CPU
		{4EA17A35-3C91-4D67-B96C-2E97A3C4BC52}.Release|iPhone.ActiveCfg = Release|Any CPU
		{4EA17A35-3C91-4D67-B96C-2E97A3C4BC52}.Release|iPhone.Build.0 = Release|Any CPU
		{4EA17A35-3C91-4D67-B96C-2E97A3C4BC52}.Release|iPhoneSimulator.ActiveCfg = Release|Any CPU
		{4EA17A35-3C91-4D67-B96C-2E97A3C4BC52}.Release|iPhoneSimulator.Build.0 = Release|Any CPU
		{4EA17A35-3C91-4D67-B96C-2E97A3C4BC52}.Release|x64.ActiveCfg = Release|Any CPU
		{4EA17A35-3C91-4D67-B96C-2E97A3C4BC52}.Release|x64.Build.0 = Release|Any CPU
		{4EA17A35-3C91-4D67-B96C-2E97A3C4BC52}.Release|x86.ActiveCfg = Release|Any CPU
		{4EA17A35-3C91-4D67-B96C-2E97A3C4BC52}.Release|x86.Build.0 = Release|Any CPU
		{DA5FAA64-A9A5-460C-AB72-3A2AA5EC7B2B}.Ad-Hoc|Any CPU.ActiveCfg = Debug|iPhoneSimulator
		{DA5FAA64-A9A5-460C-AB72-3A2AA5EC7B2B}.Ad-Hoc|Any CPU.Build.0 = Debug|iPhoneSimulator
		{DA5FAA64-A9A5-460C-AB72-3A2AA5EC7B2B}.Ad-Hoc|ARM.ActiveCfg = Debug|iPhoneSimulator
		{DA5FAA64-A9A5-460C-AB72-3A2AA5EC7B2B}.Ad-Hoc|ARM.Build.0 = Debug|iPhoneSimulator
		{DA5FAA64-A9A5-460C-AB72-3A2AA5EC7B2B}.Ad-Hoc|ARM64.ActiveCfg = Debug|iPhoneSimulator
		{DA5FAA64-A9A5-460C-AB72-3A2AA5EC7B2B}.Ad-Hoc|ARM64.Build.0 = Debug|iPhoneSimulator
		{DA5FAA64-A9A5-460C-AB72-3A2AA5EC7B2B}.Ad-Hoc|iPhone.ActiveCfg = Debug|iPhoneSimulator
		{DA5FAA64-A9A5-460C-AB72-3A2AA5EC7B2B}.Ad-Hoc|iPhone.Build.0 = Debug|iPhoneSimulator
		{DA5FAA64-A9A5-460C-AB72-3A2AA5EC7B2B}.Ad-Hoc|iPhoneSimulator.ActiveCfg = Debug|iPhoneSimulator
		{DA5FAA64-A9A5-460C-AB72-3A2AA5EC7B2B}.Ad-Hoc|iPhoneSimulator.Build.0 = Debug|iPhoneSimulator
		{DA5FAA64-A9A5-460C-AB72-3A2AA5EC7B2B}.Ad-Hoc|x64.ActiveCfg = Debug|iPhoneSimulator
		{DA5FAA64-A9A5-460C-AB72-3A2AA5EC7B2B}.Ad-Hoc|x64.Build.0 = Debug|iPhoneSimulator
		{DA5FAA64-A9A5-460C-AB72-3A2AA5EC7B2B}.Ad-Hoc|x86.ActiveCfg = Debug|iPhoneSimulator
		{DA5FAA64-A9A5-460C-AB72-3A2AA5EC7B2B}.Ad-Hoc|x86.Build.0 = Debug|iPhoneSimulator
		{DA5FAA64-A9A5-460C-AB72-3A2AA5EC7B2B}.AppStore|Any CPU.ActiveCfg = Debug|iPhoneSimulator
		{DA5FAA64-A9A5-460C-AB72-3A2AA5EC7B2B}.AppStore|Any CPU.Build.0 = Debug|iPhoneSimulator
		{DA5FAA64-A9A5-460C-AB72-3A2AA5EC7B2B}.AppStore|ARM.ActiveCfg = Debug|iPhoneSimulator
		{DA5FAA64-A9A5-460C-AB72-3A2AA5EC7B2B}.AppStore|ARM.Build.0 = Debug|iPhoneSimulator
		{DA5FAA64-A9A5-460C-AB72-3A2AA5EC7B2B}.AppStore|ARM64.ActiveCfg = Debug|iPhoneSimulator
		{DA5FAA64-A9A5-460C-AB72-3A2AA5EC7B2B}.AppStore|ARM64.Build.0 = Debug|iPhoneSimulator
		{DA5FAA64-A9A5-460C-AB72-3A2AA5EC7B2B}.AppStore|iPhone.ActiveCfg = Debug|iPhoneSimulator
		{DA5FAA64-A9A5-460C-AB72-3A2AA5EC7B2B}.AppStore|iPhone.Build.0 = Debug|iPhoneSimulator
		{DA5FAA64-A9A5-460C-AB72-3A2AA5EC7B2B}.AppStore|iPhoneSimulator.ActiveCfg = Debug|iPhoneSimulator
		{DA5FAA64-A9A5-460C-AB72-3A2AA5EC7B2B}.AppStore|iPhoneSimulator.Build.0 = Debug|iPhoneSimulator
		{DA5FAA64-A9A5-460C-AB72-3A2AA5EC7B2B}.AppStore|x64.ActiveCfg = Debug|iPhoneSimulator
		{DA5FAA64-A9A5-460C-AB72-3A2AA5EC7B2B}.AppStore|x64.Build.0 = Debug|iPhoneSimulator
		{DA5FAA64-A9A5-460C-AB72-3A2AA5EC7B2B}.AppStore|x86.ActiveCfg = Debug|iPhoneSimulator
		{DA5FAA64-A9A5-460C-AB72-3A2AA5EC7B2B}.AppStore|x86.Build.0 = Debug|iPhoneSimulator
		{DA5FAA64-A9A5-460C-AB72-3A2AA5EC7B2B}.Debug|Any CPU.ActiveCfg = Debug|iPhoneSimulator
		{DA5FAA64-A9A5-460C-AB72-3A2AA5EC7B2B}.Debug|ARM.ActiveCfg = Debug|iPhoneSimulator
		{DA5FAA64-A9A5-460C-AB72-3A2AA5EC7B2B}.Debug|ARM64.ActiveCfg = Debug|iPhoneSimulator
		{DA5FAA64-A9A5-460C-AB72-3A2AA5EC7B2B}.Debug|iPhone.ActiveCfg = Debug|iPhoneSimulator
		{DA5FAA64-A9A5-460C-AB72-3A2AA5EC7B2B}.Debug|iPhoneSimulator.ActiveCfg = Debug|iPhoneSimulator
		{DA5FAA64-A9A5-460C-AB72-3A2AA5EC7B2B}.Debug|iPhoneSimulator.Build.0 = Debug|iPhoneSimulator
		{DA5FAA64-A9A5-460C-AB72-3A2AA5EC7B2B}.Debug|x64.ActiveCfg = Debug|iPhoneSimulator
		{DA5FAA64-A9A5-460C-AB72-3A2AA5EC7B2B}.Debug|x86.ActiveCfg = Debug|iPhoneSimulator
		{DA5FAA64-A9A5-460C-AB72-3A2AA5EC7B2B}.Release|Any CPU.ActiveCfg = Release|iPhoneSimulator
		{DA5FAA64-A9A5-460C-AB72-3A2AA5EC7B2B}.Release|ARM.ActiveCfg = Release|iPhoneSimulator
		{DA5FAA64-A9A5-460C-AB72-3A2AA5EC7B2B}.Release|ARM64.ActiveCfg = Release|iPhoneSimulator
		{DA5FAA64-A9A5-460C-AB72-3A2AA5EC7B2B}.Release|iPhone.ActiveCfg = Release|iPhoneSimulator
		{DA5FAA64-A9A5-460C-AB72-3A2AA5EC7B2B}.Release|iPhoneSimulator.ActiveCfg = Release|iPhoneSimulator
		{DA5FAA64-A9A5-460C-AB72-3A2AA5EC7B2B}.Release|iPhoneSimulator.Build.0 = Release|iPhoneSimulator
		{DA5FAA64-A9A5-460C-AB72-3A2AA5EC7B2B}.Release|x64.ActiveCfg = Release|iPhoneSimulator
		{DA5FAA64-A9A5-460C-AB72-3A2AA5EC7B2B}.Release|x86.ActiveCfg = Release|iPhoneSimulator
		{006D5045-A39B-4A6F-B0C8-9DA1CFE70D9C}.Ad-Hoc|Any CPU.ActiveCfg = Debug|Any CPU
		{006D5045-A39B-4A6F-B0C8-9DA1CFE70D9C}.Ad-Hoc|Any CPU.Build.0 = Debug|Any CPU
		{006D5045-A39B-4A6F-B0C8-9DA1CFE70D9C}.Ad-Hoc|ARM.ActiveCfg = Debug|Any CPU
		{006D5045-A39B-4A6F-B0C8-9DA1CFE70D9C}.Ad-Hoc|ARM.Build.0 = Debug|Any CPU
		{006D5045-A39B-4A6F-B0C8-9DA1CFE70D9C}.Ad-Hoc|ARM64.ActiveCfg = Debug|Any CPU
		{006D5045-A39B-4A6F-B0C8-9DA1CFE70D9C}.Ad-Hoc|ARM64.Build.0 = Debug|Any CPU
		{006D5045-A39B-4A6F-B0C8-9DA1CFE70D9C}.Ad-Hoc|iPhone.ActiveCfg = Debug|Any CPU
		{006D5045-A39B-4A6F-B0C8-9DA1CFE70D9C}.Ad-Hoc|iPhone.Build.0 = Debug|Any CPU
		{006D5045-A39B-4A6F-B0C8-9DA1CFE70D9C}.Ad-Hoc|iPhoneSimulator.ActiveCfg = Debug|Any CPU
		{006D5045-A39B-4A6F-B0C8-9DA1CFE70D9C}.Ad-Hoc|iPhoneSimulator.Build.0 = Debug|Any CPU
		{006D5045-A39B-4A6F-B0C8-9DA1CFE70D9C}.Ad-Hoc|x64.ActiveCfg = Debug|Any CPU
		{006D5045-A39B-4A6F-B0C8-9DA1CFE70D9C}.Ad-Hoc|x64.Build.0 = Debug|Any CPU
		{006D5045-A39B-4A6F-B0C8-9DA1CFE70D9C}.Ad-Hoc|x86.ActiveCfg = Debug|Any CPU
		{006D5045-A39B-4A6F-B0C8-9DA1CFE70D9C}.Ad-Hoc|x86.Build.0 = Debug|Any CPU
		{006D5045-A39B-4A6F-B0C8-9DA1CFE70D9C}.AppStore|Any CPU.ActiveCfg = Debug|Any CPU
		{006D5045-A39B-4A6F-B0C8-9DA1CFE70D9C}.AppStore|Any CPU.Build.0 = Debug|Any CPU
		{006D5045-A39B-4A6F-B0C8-9DA1CFE70D9C}.AppStore|ARM.ActiveCfg = Debug|Any CPU
		{006D5045-A39B-4A6F-B0C8-9DA1CFE70D9C}.AppStore|ARM.Build.0 = Debug|Any CPU
		{006D5045-A39B-4A6F-B0C8-9DA1CFE70D9C}.AppStore|ARM64.ActiveCfg = Debug|Any CPU
		{006D5045-A39B-4A6F-B0C8-9DA1CFE70D9C}.AppStore|ARM64.Build.0 = Debug|Any CPU
		{006D5045-A39B-4A6F-B0C8-9DA1CFE70D9C}.AppStore|iPhone.ActiveCfg = Debug|Any CPU
		{006D5045-A39B-4A6F-B0C8-9DA1CFE70D9C}.AppStore|iPhone.Build.0 = Debug|Any CPU
		{006D5045-A39B-4A6F-B0C8-9DA1CFE70D9C}.AppStore|iPhoneSimulator.ActiveCfg = Debug|Any CPU
		{006D5045-A39B-4A6F-B0C8-9DA1CFE70D9C}.AppStore|iPhoneSimulator.Build.0 = Debug|Any CPU
		{006D5045-A39B-4A6F-B0C8-9DA1CFE70D9C}.AppStore|x64.ActiveCfg = Debug|Any CPU
		{006D5045-A39B-4A6F-B0C8-9DA1CFE70D9C}.AppStore|x64.Build.0 = Debug|Any CPU
		{006D5045-A39B-4A6F-B0C8-9DA1CFE70D9C}.AppStore|x86.ActiveCfg = Debug|Any CPU
		{006D5045-A39B-4A6F-B0C8-9DA1CFE70D9C}.AppStore|x86.Build.0 = Debug|Any CPU
		{006D5045-A39B-4A6F-B0C8-9DA1CFE70D9C}.Debug|Any CPU.ActiveCfg = Debug|Any CPU
		{006D5045-A39B-4A6F-B0C8-9DA1CFE70D9C}.Debug|ARM.ActiveCfg = Debug|Any CPU
		{006D5045-A39B-4A6F-B0C8-9DA1CFE70D9C}.Debug|ARM.Build.0 = Debug|Any CPU
		{006D5045-A39B-4A6F-B0C8-9DA1CFE70D9C}.Debug|ARM64.ActiveCfg = Debug|Any CPU
		{006D5045-A39B-4A6F-B0C8-9DA1CFE70D9C}.Debug|ARM64.Build.0 = Debug|Any CPU
		{006D5045-A39B-4A6F-B0C8-9DA1CFE70D9C}.Debug|iPhone.ActiveCfg = Debug|Any CPU
		{006D5045-A39B-4A6F-B0C8-9DA1CFE70D9C}.Debug|iPhone.Build.0 = Debug|Any CPU
		{006D5045-A39B-4A6F-B0C8-9DA1CFE70D9C}.Debug|iPhoneSimulator.ActiveCfg = Debug|Any CPU
		{006D5045-A39B-4A6F-B0C8-9DA1CFE70D9C}.Debug|iPhoneSimulator.Build.0 = Debug|Any CPU
		{006D5045-A39B-4A6F-B0C8-9DA1CFE70D9C}.Debug|x64.ActiveCfg = Debug|Any CPU
		{006D5045-A39B-4A6F-B0C8-9DA1CFE70D9C}.Debug|x64.Build.0 = Debug|Any CPU
		{006D5045-A39B-4A6F-B0C8-9DA1CFE70D9C}.Debug|x86.ActiveCfg = Debug|Any CPU
		{006D5045-A39B-4A6F-B0C8-9DA1CFE70D9C}.Debug|x86.Build.0 = Debug|Any CPU
		{006D5045-A39B-4A6F-B0C8-9DA1CFE70D9C}.Release|Any CPU.ActiveCfg = Release|Any CPU
		{006D5045-A39B-4A6F-B0C8-9DA1CFE70D9C}.Release|Any CPU.Build.0 = Release|Any CPU
		{006D5045-A39B-4A6F-B0C8-9DA1CFE70D9C}.Release|ARM.ActiveCfg = Release|Any CPU
		{006D5045-A39B-4A6F-B0C8-9DA1CFE70D9C}.Release|ARM.Build.0 = Release|Any CPU
		{006D5045-A39B-4A6F-B0C8-9DA1CFE70D9C}.Release|ARM64.ActiveCfg = Release|Any CPU
		{006D5045-A39B-4A6F-B0C8-9DA1CFE70D9C}.Release|ARM64.Build.0 = Release|Any CPU
		{006D5045-A39B-4A6F-B0C8-9DA1CFE70D9C}.Release|iPhone.ActiveCfg = Release|Any CPU
		{006D5045-A39B-4A6F-B0C8-9DA1CFE70D9C}.Release|iPhone.Build.0 = Release|Any CPU
		{006D5045-A39B-4A6F-B0C8-9DA1CFE70D9C}.Release|iPhoneSimulator.ActiveCfg = Release|Any CPU
		{006D5045-A39B-4A6F-B0C8-9DA1CFE70D9C}.Release|iPhoneSimulator.Build.0 = Release|Any CPU
		{006D5045-A39B-4A6F-B0C8-9DA1CFE70D9C}.Release|x64.ActiveCfg = Release|Any CPU
		{006D5045-A39B-4A6F-B0C8-9DA1CFE70D9C}.Release|x64.Build.0 = Release|Any CPU
		{006D5045-A39B-4A6F-B0C8-9DA1CFE70D9C}.Release|x86.ActiveCfg = Release|Any CPU
		{006D5045-A39B-4A6F-B0C8-9DA1CFE70D9C}.Release|x86.Build.0 = Release|Any CPU
		{57653FE5-7395-48C4-AD55-D072FBC08E32}.Ad-Hoc|Any CPU.ActiveCfg = Debug|Any CPU
		{57653FE5-7395-48C4-AD55-D072FBC08E32}.Ad-Hoc|Any CPU.Build.0 = Debug|Any CPU
		{57653FE5-7395-48C4-AD55-D072FBC08E32}.Ad-Hoc|ARM.ActiveCfg = Debug|Any CPU
		{57653FE5-7395-48C4-AD55-D072FBC08E32}.Ad-Hoc|ARM.Build.0 = Debug|Any CPU
		{57653FE5-7395-48C4-AD55-D072FBC08E32}.Ad-Hoc|ARM64.ActiveCfg = Debug|Any CPU
		{57653FE5-7395-48C4-AD55-D072FBC08E32}.Ad-Hoc|ARM64.Build.0 = Debug|Any CPU
		{57653FE5-7395-48C4-AD55-D072FBC08E32}.Ad-Hoc|iPhone.ActiveCfg = Debug|Any CPU
		{57653FE5-7395-48C4-AD55-D072FBC08E32}.Ad-Hoc|iPhone.Build.0 = Debug|Any CPU
		{57653FE5-7395-48C4-AD55-D072FBC08E32}.Ad-Hoc|iPhoneSimulator.ActiveCfg = Debug|Any CPU
		{57653FE5-7395-48C4-AD55-D072FBC08E32}.Ad-Hoc|iPhoneSimulator.Build.0 = Debug|Any CPU
		{57653FE5-7395-48C4-AD55-D072FBC08E32}.Ad-Hoc|x64.ActiveCfg = Debug|Any CPU
		{57653FE5-7395-48C4-AD55-D072FBC08E32}.Ad-Hoc|x64.Build.0 = Debug|Any CPU
		{57653FE5-7395-48C4-AD55-D072FBC08E32}.Ad-Hoc|x86.ActiveCfg = Debug|Any CPU
		{57653FE5-7395-48C4-AD55-D072FBC08E32}.Ad-Hoc|x86.Build.0 = Debug|Any CPU
		{57653FE5-7395-48C4-AD55-D072FBC08E32}.AppStore|Any CPU.ActiveCfg = Debug|Any CPU
		{57653FE5-7395-48C4-AD55-D072FBC08E32}.AppStore|Any CPU.Build.0 = Debug|Any CPU
		{57653FE5-7395-48C4-AD55-D072FBC08E32}.AppStore|ARM.ActiveCfg = Debug|Any CPU
		{57653FE5-7395-48C4-AD55-D072FBC08E32}.AppStore|ARM.Build.0 = Debug|Any CPU
		{57653FE5-7395-48C4-AD55-D072FBC08E32}.AppStore|ARM64.ActiveCfg = Debug|Any CPU
		{57653FE5-7395-48C4-AD55-D072FBC08E32}.AppStore|ARM64.Build.0 = Debug|Any CPU
		{57653FE5-7395-48C4-AD55-D072FBC08E32}.AppStore|iPhone.ActiveCfg = Debug|Any CPU
		{57653FE5-7395-48C4-AD55-D072FBC08E32}.AppStore|iPhone.Build.0 = Debug|Any CPU
		{57653FE5-7395-48C4-AD55-D072FBC08E32}.AppStore|iPhoneSimulator.ActiveCfg = Debug|Any CPU
		{57653FE5-7395-48C4-AD55-D072FBC08E32}.AppStore|iPhoneSimulator.Build.0 = Debug|Any CPU
		{57653FE5-7395-48C4-AD55-D072FBC08E32}.AppStore|x64.ActiveCfg = Debug|Any CPU
		{57653FE5-7395-48C4-AD55-D072FBC08E32}.AppStore|x64.Build.0 = Debug|Any CPU
		{57653FE5-7395-48C4-AD55-D072FBC08E32}.AppStore|x86.ActiveCfg = Debug|Any CPU
		{57653FE5-7395-48C4-AD55-D072FBC08E32}.AppStore|x86.Build.0 = Debug|Any CPU
		{57653FE5-7395-48C4-AD55-D072FBC08E32}.Debug|Any CPU.ActiveCfg = Debug|Any CPU
		{57653FE5-7395-48C4-AD55-D072FBC08E32}.Debug|ARM.ActiveCfg = Debug|Any CPU
		{57653FE5-7395-48C4-AD55-D072FBC08E32}.Debug|ARM.Build.0 = Debug|Any CPU
		{57653FE5-7395-48C4-AD55-D072FBC08E32}.Debug|ARM64.ActiveCfg = Debug|Any CPU
		{57653FE5-7395-48C4-AD55-D072FBC08E32}.Debug|ARM64.Build.0 = Debug|Any CPU
		{57653FE5-7395-48C4-AD55-D072FBC08E32}.Debug|iPhone.ActiveCfg = Debug|Any CPU
		{57653FE5-7395-48C4-AD55-D072FBC08E32}.Debug|iPhone.Build.0 = Debug|Any CPU
		{57653FE5-7395-48C4-AD55-D072FBC08E32}.Debug|iPhoneSimulator.ActiveCfg = Debug|Any CPU
		{57653FE5-7395-48C4-AD55-D072FBC08E32}.Debug|iPhoneSimulator.Build.0 = Debug|Any CPU
		{57653FE5-7395-48C4-AD55-D072FBC08E32}.Debug|x64.ActiveCfg = Debug|Any CPU
		{57653FE5-7395-48C4-AD55-D072FBC08E32}.Debug|x64.Build.0 = Debug|Any CPU
		{57653FE5-7395-48C4-AD55-D072FBC08E32}.Debug|x86.ActiveCfg = Debug|Any CPU
		{57653FE5-7395-48C4-AD55-D072FBC08E32}.Debug|x86.Build.0 = Debug|Any CPU
		{57653FE5-7395-48C4-AD55-D072FBC08E32}.Release|Any CPU.ActiveCfg = Release|Any CPU
		{57653FE5-7395-48C4-AD55-D072FBC08E32}.Release|Any CPU.Build.0 = Release|Any CPU
		{57653FE5-7395-48C4-AD55-D072FBC08E32}.Release|ARM.ActiveCfg = Release|Any CPU
		{57653FE5-7395-48C4-AD55-D072FBC08E32}.Release|ARM.Build.0 = Release|Any CPU
		{57653FE5-7395-48C4-AD55-D072FBC08E32}.Release|ARM64.ActiveCfg = Release|Any CPU
		{57653FE5-7395-48C4-AD55-D072FBC08E32}.Release|ARM64.Build.0 = Release|Any CPU
		{57653FE5-7395-48C4-AD55-D072FBC08E32}.Release|iPhone.ActiveCfg = Release|Any CPU
		{57653FE5-7395-48C4-AD55-D072FBC08E32}.Release|iPhone.Build.0 = Release|Any CPU
		{57653FE5-7395-48C4-AD55-D072FBC08E32}.Release|iPhoneSimulator.ActiveCfg = Release|Any CPU
		{57653FE5-7395-48C4-AD55-D072FBC08E32}.Release|iPhoneSimulator.Build.0 = Release|Any CPU
		{57653FE5-7395-48C4-AD55-D072FBC08E32}.Release|x64.ActiveCfg = Release|Any CPU
		{57653FE5-7395-48C4-AD55-D072FBC08E32}.Release|x64.Build.0 = Release|Any CPU
		{57653FE5-7395-48C4-AD55-D072FBC08E32}.Release|x86.ActiveCfg = Release|Any CPU
		{57653FE5-7395-48C4-AD55-D072FBC08E32}.Release|x86.Build.0 = Release|Any CPU
		{63A2EFAC-3B4F-4B7C-9EEE-30D5842EF6FB}.Ad-Hoc|Any CPU.ActiveCfg = Debug|Any CPU
		{63A2EFAC-3B4F-4B7C-9EEE-30D5842EF6FB}.Ad-Hoc|Any CPU.Build.0 = Debug|Any CPU
		{63A2EFAC-3B4F-4B7C-9EEE-30D5842EF6FB}.Ad-Hoc|ARM.ActiveCfg = Debug|Any CPU
		{63A2EFAC-3B4F-4B7C-9EEE-30D5842EF6FB}.Ad-Hoc|ARM.Build.0 = Debug|Any CPU
		{63A2EFAC-3B4F-4B7C-9EEE-30D5842EF6FB}.Ad-Hoc|ARM64.ActiveCfg = Debug|Any CPU
		{63A2EFAC-3B4F-4B7C-9EEE-30D5842EF6FB}.Ad-Hoc|ARM64.Build.0 = Debug|Any CPU
		{63A2EFAC-3B4F-4B7C-9EEE-30D5842EF6FB}.Ad-Hoc|iPhone.ActiveCfg = Debug|Any CPU
		{63A2EFAC-3B4F-4B7C-9EEE-30D5842EF6FB}.Ad-Hoc|iPhone.Build.0 = Debug|Any CPU
		{63A2EFAC-3B4F-4B7C-9EEE-30D5842EF6FB}.Ad-Hoc|iPhoneSimulator.ActiveCfg = Debug|Any CPU
		{63A2EFAC-3B4F-4B7C-9EEE-30D5842EF6FB}.Ad-Hoc|iPhoneSimulator.Build.0 = Debug|Any CPU
		{63A2EFAC-3B4F-4B7C-9EEE-30D5842EF6FB}.Ad-Hoc|x64.ActiveCfg = Debug|Any CPU
		{63A2EFAC-3B4F-4B7C-9EEE-30D5842EF6FB}.Ad-Hoc|x64.Build.0 = Debug|Any CPU
		{63A2EFAC-3B4F-4B7C-9EEE-30D5842EF6FB}.Ad-Hoc|x86.ActiveCfg = Debug|Any CPU
		{63A2EFAC-3B4F-4B7C-9EEE-30D5842EF6FB}.Ad-Hoc|x86.Build.0 = Debug|Any CPU
		{63A2EFAC-3B4F-4B7C-9EEE-30D5842EF6FB}.AppStore|Any CPU.ActiveCfg = Debug|Any CPU
		{63A2EFAC-3B4F-4B7C-9EEE-30D5842EF6FB}.AppStore|Any CPU.Build.0 = Debug|Any CPU
		{63A2EFAC-3B4F-4B7C-9EEE-30D5842EF6FB}.AppStore|ARM.ActiveCfg = Debug|Any CPU
		{63A2EFAC-3B4F-4B7C-9EEE-30D5842EF6FB}.AppStore|ARM.Build.0 = Debug|Any CPU
		{63A2EFAC-3B4F-4B7C-9EEE-30D5842EF6FB}.AppStore|ARM64.ActiveCfg = Debug|Any CPU
		{63A2EFAC-3B4F-4B7C-9EEE-30D5842EF6FB}.AppStore|ARM64.Build.0 = Debug|Any CPU
		{63A2EFAC-3B4F-4B7C-9EEE-30D5842EF6FB}.AppStore|iPhone.ActiveCfg = Debug|Any CPU
		{63A2EFAC-3B4F-4B7C-9EEE-30D5842EF6FB}.AppStore|iPhone.Build.0 = Debug|Any CPU
		{63A2EFAC-3B4F-4B7C-9EEE-30D5842EF6FB}.AppStore|iPhoneSimulator.ActiveCfg = Debug|Any CPU
		{63A2EFAC-3B4F-4B7C-9EEE-30D5842EF6FB}.AppStore|iPhoneSimulator.Build.0 = Debug|Any CPU
		{63A2EFAC-3B4F-4B7C-9EEE-30D5842EF6FB}.AppStore|x64.ActiveCfg = Debug|Any CPU
		{63A2EFAC-3B4F-4B7C-9EEE-30D5842EF6FB}.AppStore|x64.Build.0 = Debug|Any CPU
		{63A2EFAC-3B4F-4B7C-9EEE-30D5842EF6FB}.AppStore|x86.ActiveCfg = Debug|Any CPU
		{63A2EFAC-3B4F-4B7C-9EEE-30D5842EF6FB}.AppStore|x86.Build.0 = Debug|Any CPU
		{63A2EFAC-3B4F-4B7C-9EEE-30D5842EF6FB}.Debug|Any CPU.ActiveCfg = Debug|Any CPU
		{63A2EFAC-3B4F-4B7C-9EEE-30D5842EF6FB}.Debug|ARM.ActiveCfg = Debug|Any CPU
		{63A2EFAC-3B4F-4B7C-9EEE-30D5842EF6FB}.Debug|ARM.Build.0 = Debug|Any CPU
		{63A2EFAC-3B4F-4B7C-9EEE-30D5842EF6FB}.Debug|ARM64.ActiveCfg = Debug|Any CPU
		{63A2EFAC-3B4F-4B7C-9EEE-30D5842EF6FB}.Debug|ARM64.Build.0 = Debug|Any CPU
		{63A2EFAC-3B4F-4B7C-9EEE-30D5842EF6FB}.Debug|iPhone.ActiveCfg = Debug|Any CPU
		{63A2EFAC-3B4F-4B7C-9EEE-30D5842EF6FB}.Debug|iPhone.Build.0 = Debug|Any CPU
		{63A2EFAC-3B4F-4B7C-9EEE-30D5842EF6FB}.Debug|iPhoneSimulator.ActiveCfg = Debug|Any CPU
		{63A2EFAC-3B4F-4B7C-9EEE-30D5842EF6FB}.Debug|iPhoneSimulator.Build.0 = Debug|Any CPU
		{63A2EFAC-3B4F-4B7C-9EEE-30D5842EF6FB}.Debug|x64.ActiveCfg = Debug|Any CPU
		{63A2EFAC-3B4F-4B7C-9EEE-30D5842EF6FB}.Debug|x64.Build.0 = Debug|Any CPU
		{63A2EFAC-3B4F-4B7C-9EEE-30D5842EF6FB}.Debug|x86.ActiveCfg = Debug|Any CPU
		{63A2EFAC-3B4F-4B7C-9EEE-30D5842EF6FB}.Debug|x86.Build.0 = Debug|Any CPU
		{63A2EFAC-3B4F-4B7C-9EEE-30D5842EF6FB}.Release|Any CPU.ActiveCfg = Release|Any CPU
		{63A2EFAC-3B4F-4B7C-9EEE-30D5842EF6FB}.Release|Any CPU.Build.0 = Release|Any CPU
		{63A2EFAC-3B4F-4B7C-9EEE-30D5842EF6FB}.Release|ARM.ActiveCfg = Release|Any CPU
		{63A2EFAC-3B4F-4B7C-9EEE-30D5842EF6FB}.Release|ARM.Build.0 = Release|Any CPU
		{63A2EFAC-3B4F-4B7C-9EEE-30D5842EF6FB}.Release|ARM64.ActiveCfg = Release|Any CPU
		{63A2EFAC-3B4F-4B7C-9EEE-30D5842EF6FB}.Release|ARM64.Build.0 = Release|Any CPU
		{63A2EFAC-3B4F-4B7C-9EEE-30D5842EF6FB}.Release|iPhone.ActiveCfg = Release|Any CPU
		{63A2EFAC-3B4F-4B7C-9EEE-30D5842EF6FB}.Release|iPhone.Build.0 = Release|Any CPU
		{63A2EFAC-3B4F-4B7C-9EEE-30D5842EF6FB}.Release|iPhoneSimulator.ActiveCfg = Release|Any CPU
		{63A2EFAC-3B4F-4B7C-9EEE-30D5842EF6FB}.Release|iPhoneSimulator.Build.0 = Release|Any CPU
		{63A2EFAC-3B4F-4B7C-9EEE-30D5842EF6FB}.Release|x64.ActiveCfg = Release|Any CPU
		{63A2EFAC-3B4F-4B7C-9EEE-30D5842EF6FB}.Release|x64.Build.0 = Release|Any CPU
		{63A2EFAC-3B4F-4B7C-9EEE-30D5842EF6FB}.Release|x86.ActiveCfg = Release|Any CPU
		{63A2EFAC-3B4F-4B7C-9EEE-30D5842EF6FB}.Release|x86.Build.0 = Release|Any CPU
		{0E4088BB-AE70-4901-8330-831F335D7428}.Ad-Hoc|Any CPU.ActiveCfg = Debug|Any CPU
		{0E4088BB-AE70-4901-8330-831F335D7428}.Ad-Hoc|Any CPU.Build.0 = Debug|Any CPU
		{0E4088BB-AE70-4901-8330-831F335D7428}.Ad-Hoc|ARM.ActiveCfg = Debug|Any CPU
		{0E4088BB-AE70-4901-8330-831F335D7428}.Ad-Hoc|ARM.Build.0 = Debug|Any CPU
		{0E4088BB-AE70-4901-8330-831F335D7428}.Ad-Hoc|ARM64.ActiveCfg = Debug|Any CPU
		{0E4088BB-AE70-4901-8330-831F335D7428}.Ad-Hoc|ARM64.Build.0 = Debug|Any CPU
		{0E4088BB-AE70-4901-8330-831F335D7428}.Ad-Hoc|iPhone.ActiveCfg = Debug|Any CPU
		{0E4088BB-AE70-4901-8330-831F335D7428}.Ad-Hoc|iPhone.Build.0 = Debug|Any CPU
		{0E4088BB-AE70-4901-8330-831F335D7428}.Ad-Hoc|iPhoneSimulator.ActiveCfg = Debug|Any CPU
		{0E4088BB-AE70-4901-8330-831F335D7428}.Ad-Hoc|iPhoneSimulator.Build.0 = Debug|Any CPU
		{0E4088BB-AE70-4901-8330-831F335D7428}.Ad-Hoc|x64.ActiveCfg = Debug|Any CPU
		{0E4088BB-AE70-4901-8330-831F335D7428}.Ad-Hoc|x64.Build.0 = Debug|Any CPU
		{0E4088BB-AE70-4901-8330-831F335D7428}.Ad-Hoc|x86.ActiveCfg = Debug|Any CPU
		{0E4088BB-AE70-4901-8330-831F335D7428}.Ad-Hoc|x86.Build.0 = Debug|Any CPU
		{0E4088BB-AE70-4901-8330-831F335D7428}.AppStore|Any CPU.ActiveCfg = Debug|Any CPU
		{0E4088BB-AE70-4901-8330-831F335D7428}.AppStore|Any CPU.Build.0 = Debug|Any CPU
		{0E4088BB-AE70-4901-8330-831F335D7428}.AppStore|ARM.ActiveCfg = Debug|Any CPU
		{0E4088BB-AE70-4901-8330-831F335D7428}.AppStore|ARM.Build.0 = Debug|Any CPU
		{0E4088BB-AE70-4901-8330-831F335D7428}.AppStore|ARM64.ActiveCfg = Debug|Any CPU
		{0E4088BB-AE70-4901-8330-831F335D7428}.AppStore|ARM64.Build.0 = Debug|Any CPU
		{0E4088BB-AE70-4901-8330-831F335D7428}.AppStore|iPhone.ActiveCfg = Debug|Any CPU
		{0E4088BB-AE70-4901-8330-831F335D7428}.AppStore|iPhone.Build.0 = Debug|Any CPU
		{0E4088BB-AE70-4901-8330-831F335D7428}.AppStore|iPhoneSimulator.ActiveCfg = Debug|Any CPU
		{0E4088BB-AE70-4901-8330-831F335D7428}.AppStore|iPhoneSimulator.Build.0 = Debug|Any CPU
		{0E4088BB-AE70-4901-8330-831F335D7428}.AppStore|x64.ActiveCfg = Debug|Any CPU
		{0E4088BB-AE70-4901-8330-831F335D7428}.AppStore|x64.Build.0 = Debug|Any CPU
		{0E4088BB-AE70-4901-8330-831F335D7428}.AppStore|x86.ActiveCfg = Debug|Any CPU
		{0E4088BB-AE70-4901-8330-831F335D7428}.AppStore|x86.Build.0 = Debug|Any CPU
		{0E4088BB-AE70-4901-8330-831F335D7428}.Debug|Any CPU.ActiveCfg = Debug|Any CPU
		{0E4088BB-AE70-4901-8330-831F335D7428}.Debug|ARM.ActiveCfg = Debug|Any CPU
		{0E4088BB-AE70-4901-8330-831F335D7428}.Debug|ARM.Build.0 = Debug|Any CPU
		{0E4088BB-AE70-4901-8330-831F335D7428}.Debug|ARM64.ActiveCfg = Debug|Any CPU
		{0E4088BB-AE70-4901-8330-831F335D7428}.Debug|ARM64.Build.0 = Debug|Any CPU
		{0E4088BB-AE70-4901-8330-831F335D7428}.Debug|iPhone.ActiveCfg = Debug|Any CPU
		{0E4088BB-AE70-4901-8330-831F335D7428}.Debug|iPhone.Build.0 = Debug|Any CPU
		{0E4088BB-AE70-4901-8330-831F335D7428}.Debug|iPhoneSimulator.ActiveCfg = Debug|Any CPU
		{0E4088BB-AE70-4901-8330-831F335D7428}.Debug|iPhoneSimulator.Build.0 = Debug|Any CPU
		{0E4088BB-AE70-4901-8330-831F335D7428}.Debug|x64.ActiveCfg = Debug|Any CPU
		{0E4088BB-AE70-4901-8330-831F335D7428}.Debug|x64.Build.0 = Debug|Any CPU
		{0E4088BB-AE70-4901-8330-831F335D7428}.Debug|x86.ActiveCfg = Debug|Any CPU
		{0E4088BB-AE70-4901-8330-831F335D7428}.Debug|x86.Build.0 = Debug|Any CPU
		{0E4088BB-AE70-4901-8330-831F335D7428}.Release|Any CPU.ActiveCfg = Release|Any CPU
		{0E4088BB-AE70-4901-8330-831F335D7428}.Release|Any CPU.Build.0 = Release|Any CPU
		{0E4088BB-AE70-4901-8330-831F335D7428}.Release|ARM.ActiveCfg = Release|Any CPU
		{0E4088BB-AE70-4901-8330-831F335D7428}.Release|ARM.Build.0 = Release|Any CPU
		{0E4088BB-AE70-4901-8330-831F335D7428}.Release|ARM64.ActiveCfg = Release|Any CPU
		{0E4088BB-AE70-4901-8330-831F335D7428}.Release|ARM64.Build.0 = Release|Any CPU
		{0E4088BB-AE70-4901-8330-831F335D7428}.Release|iPhone.ActiveCfg = Release|Any CPU
		{0E4088BB-AE70-4901-8330-831F335D7428}.Release|iPhone.Build.0 = Release|Any CPU
		{0E4088BB-AE70-4901-8330-831F335D7428}.Release|iPhoneSimulator.ActiveCfg = Release|Any CPU
		{0E4088BB-AE70-4901-8330-831F335D7428}.Release|iPhoneSimulator.Build.0 = Release|Any CPU
		{0E4088BB-AE70-4901-8330-831F335D7428}.Release|x64.ActiveCfg = Release|Any CPU
		{0E4088BB-AE70-4901-8330-831F335D7428}.Release|x64.Build.0 = Release|Any CPU
		{0E4088BB-AE70-4901-8330-831F335D7428}.Release|x86.ActiveCfg = Release|Any CPU
		{0E4088BB-AE70-4901-8330-831F335D7428}.Release|x86.Build.0 = Release|Any CPU
	EndGlobalSection
	GlobalSection(SolutionProperties) = preSolution
		HideSolutionNode = FALSE
	EndGlobalSection
	GlobalSection(NestedProjects) = preSolution
		{69EDBC93-C741-4808-B9AB-6A7374A528DF} = {F097BB2A-C754-4CD0-8CBE-AB48226C8B81}
		{6E631F93-C620-4894-9B62-8078121C87A8} = {F097BB2A-C754-4CD0-8CBE-AB48226C8B81}
		{FDDA259A-517F-49C2-A860-F20471B6410B} = {F097BB2A-C754-4CD0-8CBE-AB48226C8B81}
		{4EA17A35-3C91-4D67-B96C-2E97A3C4BC52} = {F097BB2A-C754-4CD0-8CBE-AB48226C8B81}
		{DA5FAA64-A9A5-460C-AB72-3A2AA5EC7B2B} = {F097BB2A-C754-4CD0-8CBE-AB48226C8B81}
		{006D5045-A39B-4A6F-B0C8-9DA1CFE70D9C} = {F097BB2A-C754-4CD0-8CBE-AB48226C8B81}
		{57653FE5-7395-48C4-AD55-D072FBC08E32} = {F097BB2A-C754-4CD0-8CBE-AB48226C8B81}
		{63A2EFAC-3B4F-4B7C-9EEE-30D5842EF6FB} = {F097BB2A-C754-4CD0-8CBE-AB48226C8B81}
		{0E4088BB-AE70-4901-8330-831F335D7428} = {F097BB2A-C754-4CD0-8CBE-AB48226C8B81}
	EndGlobalSection
	GlobalSection(ExtensibilityGlobals) = postSolution
		SolutionGuid = {7DCF7F39-EE5C-4BC6-B132-FF2A099BF800}
	EndGlobalSection
EndGlobal
