
Microsoft Visual Studio Solution File, Format Version 12.00
# Visual Studio Version 16
VisualStudioVersion = 16.0.30907.101
MinimumVisualStudioVersion = 10.0.40219.1
Project("{FAE04EC0-301F-11D3-BF4B-00C04F79EFBC}") = "QuestArc.Android", "QuestArc\QuestArc.Android\QuestArc.Android.csproj", "{72F22196-007F-4814-BEA1-2F6CF06DA6CD}"
EndProject
Project("{FAE04EC0-301F-11D3-BF4B-00C04F79EFBC}") = "QuestArc.iOS", "QuestArc\QuestArc.iOS\QuestArc.iOS.csproj", "{1DF3F52B-BA0B-476C-A52D-579B13C3A83C}"
EndProject
Project("{FAE04EC0-301F-11D3-BF4B-00C04F79EFBC}") = "QuestArc", "QuestArc\QuestArc\QuestArc.csproj", "{C8E183CF-6BAD-4CD7-B2D9-B43085340B23}"
EndProject
Project("{FAE04EC0-301F-11D3-BF4B-00C04F79EFBC}") = "QuestArc.UWP", "QuestArc\QuestArc.UWP\QuestArc.UWP.csproj", "{39EBB18D-EEDE-4C65-A3CD-8F9439AA0133}"
EndProject
Global
	GlobalSection(SolutionConfigurationPlatforms) = preSolution
		Debug|Any CPU = Debug|Any CPU
		Debug|ARM = Debug|ARM
		Debug|iPhone = Debug|iPhone
		Debug|iPhoneSimulator = Debug|iPhoneSimulator
		Debug|x64 = Debug|x64
		Debug|x86 = Debug|x86
		Release|Any CPU = Release|Any CPU
		Release|ARM = Release|ARM
		Release|iPhone = Release|iPhone
		Release|iPhoneSimulator = Release|iPhoneSimulator
		Release|x64 = Release|x64
		Release|x86 = Release|x86
	EndGlobalSection
	GlobalSection(ProjectConfigurationPlatforms) = postSolution
		{72F22196-007F-4814-BEA1-2F6CF06DA6CD}.Debug|Any CPU.ActiveCfg = Debug|Any CPU
		{72F22196-007F-4814-BEA1-2F6CF06DA6CD}.Debug|Any CPU.Build.0 = Debug|Any CPU
		{72F22196-007F-4814-BEA1-2F6CF06DA6CD}.Debug|Any CPU.Deploy.0 = Debug|Any CPU
		{72F22196-007F-4814-BEA1-2F6CF06DA6CD}.Debug|ARM.ActiveCfg = Debug|Any CPU
		{72F22196-007F-4814-BEA1-2F6CF06DA6CD}.Debug|ARM.Build.0 = Debug|Any CPU
		{72F22196-007F-4814-BEA1-2F6CF06DA6CD}.Debug|ARM.Deploy.0 = Debug|Any CPU
		{72F22196-007F-4814-BEA1-2F6CF06DA6CD}.Debug|iPhone.ActiveCfg = Debug|Any CPU
		{72F22196-007F-4814-BEA1-2F6CF06DA6CD}.Debug|iPhone.Build.0 = Debug|Any CPU
		{72F22196-007F-4814-BEA1-2F6CF06DA6CD}.Debug|iPhone.Deploy.0 = Debug|Any CPU
		{72F22196-007F-4814-BEA1-2F6CF06DA6CD}.Debug|iPhoneSimulator.ActiveCfg = Debug|Any CPU
		{72F22196-007F-4814-BEA1-2F6CF06DA6CD}.Debug|iPhoneSimulator.Build.0 = Debug|Any CPU
		{72F22196-007F-4814-BEA1-2F6CF06DA6CD}.Debug|iPhoneSimulator.Deploy.0 = Debug|Any CPU
		{72F22196-007F-4814-BEA1-2F6CF06DA6CD}.Debug|x64.ActiveCfg = Debug|Any CPU
		{72F22196-007F-4814-BEA1-2F6CF06DA6CD}.Debug|x64.Build.0 = Debug|Any CPU
		{72F22196-007F-4814-BEA1-2F6CF06DA6CD}.Debug|x64.Deploy.0 = Debug|Any CPU
		{72F22196-007F-4814-BEA1-2F6CF06DA6CD}.Debug|x86.ActiveCfg = Debug|Any CPU
		{72F22196-007F-4814-BEA1-2F6CF06DA6CD}.Debug|x86.Build.0 = Debug|Any CPU
		{72F22196-007F-4814-BEA1-2F6CF06DA6CD}.Debug|x86.Deploy.0 = Debug|Any CPU
		{72F22196-007F-4814-BEA1-2F6CF06DA6CD}.Release|Any CPU.ActiveCfg = Release|Any CPU
		{72F22196-007F-4814-BEA1-2F6CF06DA6CD}.Release|Any CPU.Build.0 = Release|Any CPU
		{72F22196-007F-4814-BEA1-2F6CF06DA6CD}.Release|Any CPU.Deploy.0 = Release|Any CPU
		{72F22196-007F-4814-BEA1-2F6CF06DA6CD}.Release|ARM.ActiveCfg = Release|Any CPU
		{72F22196-007F-4814-BEA1-2F6CF06DA6CD}.Release|ARM.Build.0 = Release|Any CPU
		{72F22196-007F-4814-BEA1-2F6CF06DA6CD}.Release|ARM.Deploy.0 = Release|Any CPU
		{72F22196-007F-4814-BEA1-2F6CF06DA6CD}.Release|iPhone.ActiveCfg = Release|Any CPU
		{72F22196-007F-4814-BEA1-2F6CF06DA6CD}.Release|iPhone.Build.0 = Release|Any CPU
		{72F22196-007F-4814-BEA1-2F6CF06DA6CD}.Release|iPhone.Deploy.0 = Release|Any CPU
		{72F22196-007F-4814-BEA1-2F6CF06DA6CD}.Release|iPhoneSimulator.ActiveCfg = Release|Any CPU
		{72F22196-007F-4814-BEA1-2F6CF06DA6CD}.Release|iPhoneSimulator.Build.0 = Release|Any CPU
		{72F22196-007F-4814-BEA1-2F6CF06DA6CD}.Release|iPhoneSimulator.Deploy.0 = Release|Any CPU
		{72F22196-007F-4814-BEA1-2F6CF06DA6CD}.Release|x64.ActiveCfg = Release|Any CPU
		{72F22196-007F-4814-BEA1-2F6CF06DA6CD}.Release|x64.Build.0 = Release|Any CPU
		{72F22196-007F-4814-BEA1-2F6CF06DA6CD}.Release|x64.Deploy.0 = Release|Any CPU
		{72F22196-007F-4814-BEA1-2F6CF06DA6CD}.Release|x86.ActiveCfg = Release|Any CPU
		{72F22196-007F-4814-BEA1-2F6CF06DA6CD}.Release|x86.Build.0 = Release|Any CPU
		{72F22196-007F-4814-BEA1-2F6CF06DA6CD}.Release|x86.Deploy.0 = Release|Any CPU
		{1DF3F52B-BA0B-476C-A52D-579B13C3A83C}.Debug|Any CPU.ActiveCfg = Debug|iPhone
		{1DF3F52B-BA0B-476C-A52D-579B13C3A83C}.Debug|Any CPU.Build.0 = Debug|iPhone
		{1DF3F52B-BA0B-476C-A52D-579B13C3A83C}.Debug|Any CPU.Deploy.0 = Debug|iPhone
		{1DF3F52B-BA0B-476C-A52D-579B13C3A83C}.Debug|ARM.ActiveCfg = Debug|iPhoneSimulator
		{1DF3F52B-BA0B-476C-A52D-579B13C3A83C}.Debug|iPhone.ActiveCfg = Debug|iPhone
		{1DF3F52B-BA0B-476C-A52D-579B13C3A83C}.Debug|iPhone.Build.0 = Debug|iPhone
		{1DF3F52B-BA0B-476C-A52D-579B13C3A83C}.Debug|iPhone.Deploy.0 = Debug|iPhone
		{1DF3F52B-BA0B-476C-A52D-579B13C3A83C}.Debug|iPhoneSimulator.ActiveCfg = Debug|iPhoneSimulator
		{1DF3F52B-BA0B-476C-A52D-579B13C3A83C}.Debug|iPhoneSimulator.Build.0 = Debug|iPhoneSimulator
		{1DF3F52B-BA0B-476C-A52D-579B13C3A83C}.Debug|iPhoneSimulator.Deploy.0 = Debug|iPhoneSimulator
		{1DF3F52B-BA0B-476C-A52D-579B13C3A83C}.Debug|x64.ActiveCfg = Debug|iPhoneSimulator
		{1DF3F52B-BA0B-476C-A52D-579B13C3A83C}.Debug|x86.ActiveCfg = Debug|iPhoneSimulator
		{1DF3F52B-BA0B-476C-A52D-579B13C3A83C}.Release|Any CPU.ActiveCfg = Release|iPhoneSimulator
		{1DF3F52B-BA0B-476C-A52D-579B13C3A83C}.Release|Any CPU.Build.0 = Release|iPhoneSimulator
		{1DF3F52B-BA0B-476C-A52D-579B13C3A83C}.Release|Any CPU.Deploy.0 = Release|iPhoneSimulator
		{1DF3F52B-BA0B-476C-A52D-579B13C3A83C}.Release|ARM.ActiveCfg = Release|iPhoneSimulator
		{1DF3F52B-BA0B-476C-A52D-579B13C3A83C}.Release|iPhone.ActiveCfg = Release|iPhone
		{1DF3F52B-BA0B-476C-A52D-579B13C3A83C}.Release|iPhone.Build.0 = Release|iPhone
		{1DF3F52B-BA0B-476C-A52D-579B13C3A83C}.Release|iPhone.Deploy.0 = Release|iPhone
		{1DF3F52B-BA0B-476C-A52D-579B13C3A83C}.Release|iPhoneSimulator.ActiveCfg = Release|iPhoneSimulator
		{1DF3F52B-BA0B-476C-A52D-579B13C3A83C}.Release|iPhoneSimulator.Build.0 = Release|iPhoneSimulator
		{1DF3F52B-BA0B-476C-A52D-579B13C3A83C}.Release|iPhoneSimulator.Deploy.0 = Release|iPhoneSimulator
		{1DF3F52B-BA0B-476C-A52D-579B13C3A83C}.Release|x64.ActiveCfg = Release|iPhoneSimulator
		{1DF3F52B-BA0B-476C-A52D-579B13C3A83C}.Release|x86.ActiveCfg = Release|iPhoneSimulator
		{C8E183CF-6BAD-4CD7-B2D9-B43085340B23}.Debug|Any CPU.ActiveCfg = Debug|Any CPU
		{C8E183CF-6BAD-4CD7-B2D9-B43085340B23}.Debug|Any CPU.Build.0 = Debug|Any CPU
		{C8E183CF-6BAD-4CD7-B2D9-B43085340B23}.Debug|Any CPU.Deploy.0 = Debug|Any CPU
		{C8E183CF-6BAD-4CD7-B2D9-B43085340B23}.Debug|ARM.ActiveCfg = Debug|Any CPU
		{C8E183CF-6BAD-4CD7-B2D9-B43085340B23}.Debug|ARM.Build.0 = Debug|Any CPU
		{C8E183CF-6BAD-4CD7-B2D9-B43085340B23}.Debug|iPhone.ActiveCfg = Debug|Any CPU
		{C8E183CF-6BAD-4CD7-B2D9-B43085340B23}.Debug|iPhone.Build.0 = Debug|Any CPU
		{C8E183CF-6BAD-4CD7-B2D9-B43085340B23}.Debug|iPhone.Deploy.0 = Debug|Any CPU
		{C8E183CF-6BAD-4CD7-B2D9-B43085340B23}.Debug|iPhoneSimulator.ActiveCfg = Debug|Any CPU
		{C8E183CF-6BAD-4CD7-B2D9-B43085340B23}.Debug|iPhoneSimulator.Build.0 = Debug|Any CPU
		{C8E183CF-6BAD-4CD7-B2D9-B43085340B23}.Debug|iPhoneSimulator.Deploy.0 = Debug|Any CPU
		{C8E183CF-6BAD-4CD7-B2D9-B43085340B23}.Debug|x64.ActiveCfg = Debug|Any CPU
		{C8E183CF-6BAD-4CD7-B2D9-B43085340B23}.Debug|x64.Build.0 = Debug|Any CPU
		{C8E183CF-6BAD-4CD7-B2D9-B43085340B23}.Debug|x86.ActiveCfg = Debug|Any CPU
		{C8E183CF-6BAD-4CD7-B2D9-B43085340B23}.Debug|x86.Build.0 = Debug|Any CPU
		{C8E183CF-6BAD-4CD7-B2D9-B43085340B23}.Release|Any CPU.ActiveCfg = Release|Any CPU
		{C8E183CF-6BAD-4CD7-B2D9-B43085340B23}.Release|Any CPU.Build.0 = Release|Any CPU
		{C8E183CF-6BAD-4CD7-B2D9-B43085340B23}.Release|Any CPU.Deploy.0 = Release|Any CPU
		{C8E183CF-6BAD-4CD7-B2D9-B43085340B23}.Release|ARM.ActiveCfg = Release|Any CPU
		{C8E183CF-6BAD-4CD7-B2D9-B43085340B23}.Release|ARM.Build.0 = Release|Any CPU
		{C8E183CF-6BAD-4CD7-B2D9-B43085340B23}.Release|iPhone.ActiveCfg = Release|Any CPU
		{C8E183CF-6BAD-4CD7-B2D9-B43085340B23}.Release|iPhone.Build.0 = Release|Any CPU
		{C8E183CF-6BAD-4CD7-B2D9-B43085340B23}.Release|iPhone.Deploy.0 = Release|Any CPU
		{C8E183CF-6BAD-4CD7-B2D9-B43085340B23}.Release|iPhoneSimulator.ActiveCfg = Release|Any CPU
		{C8E183CF-6BAD-4CD7-B2D9-B43085340B23}.Release|iPhoneSimulator.Build.0 = Release|Any CPU
		{C8E183CF-6BAD-4CD7-B2D9-B43085340B23}.Release|iPhoneSimulator.Deploy.0 = Release|Any CPU
		{C8E183CF-6BAD-4CD7-B2D9-B43085340B23}.Release|x64.ActiveCfg = Release|Any CPU
		{C8E183CF-6BAD-4CD7-B2D9-B43085340B23}.Release|x64.Build.0 = Release|Any CPU
		{C8E183CF-6BAD-4CD7-B2D9-B43085340B23}.Release|x86.ActiveCfg = Release|Any CPU
		{C8E183CF-6BAD-4CD7-B2D9-B43085340B23}.Release|x86.Build.0 = Release|Any CPU
		{39EBB18D-EEDE-4C65-A3CD-8F9439AA0133}.Debug|Any CPU.ActiveCfg = Debug|x86
		{39EBB18D-EEDE-4C65-A3CD-8F9439AA0133}.Debug|Any CPU.Build.0 = Debug|x86
		{39EBB18D-EEDE-4C65-A3CD-8F9439AA0133}.Debug|Any CPU.Deploy.0 = Debug|x86
		{39EBB18D-EEDE-4C65-A3CD-8F9439AA0133}.Debug|ARM.ActiveCfg = Debug|ARM
		{39EBB18D-EEDE-4C65-A3CD-8F9439AA0133}.Debug|ARM.Build.0 = Debug|ARM
		{39EBB18D-EEDE-4C65-A3CD-8F9439AA0133}.Debug|ARM.Deploy.0 = Debug|ARM
		{39EBB18D-EEDE-4C65-A3CD-8F9439AA0133}.Debug|iPhone.ActiveCfg = Debug|x86
		{39EBB18D-EEDE-4C65-A3CD-8F9439AA0133}.Debug|iPhoneSimulator.ActiveCfg = Debug|x86
		{39EBB18D-EEDE-4C65-A3CD-8F9439AA0133}.Debug|x64.ActiveCfg = Debug|x64
		{39EBB18D-EEDE-4C65-A3CD-8F9439AA0133}.Debug|x64.Build.0 = Debug|x64
		{39EBB18D-EEDE-4C65-A3CD-8F9439AA0133}.Debug|x64.Deploy.0 = Debug|x64
		{39EBB18D-EEDE-4C65-A3CD-8F9439AA0133}.Debug|x86.ActiveCfg = Debug|x86
		{39EBB18D-EEDE-4C65-A3CD-8F9439AA0133}.Debug|x86.Build.0 = Debug|x86
		{39EBB18D-EEDE-4C65-A3CD-8F9439AA0133}.Debug|x86.Deploy.0 = Debug|x86
		{39EBB18D-EEDE-4C65-A3CD-8F9439AA0133}.Release|Any CPU.ActiveCfg = Release|x86
		{39EBB18D-EEDE-4C65-A3CD-8F9439AA0133}.Release|ARM.ActiveCfg = Release|ARM
		{39EBB18D-EEDE-4C65-A3CD-8F9439AA0133}.Release|ARM.Build.0 = Release|ARM
		{39EBB18D-EEDE-4C65-A3CD-8F9439AA0133}.Release|ARM.Deploy.0 = Release|ARM
		{39EBB18D-EEDE-4C65-A3CD-8F9439AA0133}.Release|iPhone.ActiveCfg = Release|x86
		{39EBB18D-EEDE-4C65-A3CD-8F9439AA0133}.Release|iPhoneSimulator.ActiveCfg = Release|x86
		{39EBB18D-EEDE-4C65-A3CD-8F9439AA0133}.Release|x64.ActiveCfg = Release|x64
		{39EBB18D-EEDE-4C65-A3CD-8F9439AA0133}.Release|x64.Build.0 = Release|x64
		{39EBB18D-EEDE-4C65-A3CD-8F9439AA0133}.Release|x64.Deploy.0 = Release|x64
		{39EBB18D-EEDE-4C65-A3CD-8F9439AA0133}.Release|x86.ActiveCfg = Release|x86
		{39EBB18D-EEDE-4C65-A3CD-8F9439AA0133}.Release|x86.Build.0 = Release|x86
		{39EBB18D-EEDE-4C65-A3CD-8F9439AA0133}.Release|x86.Deploy.0 = Release|x86
	EndGlobalSection
	GlobalSection(SolutionProperties) = preSolution
		HideSolutionNode = FALSE
	EndGlobalSection
	GlobalSection(ExtensibilityGlobals) = postSolution
		SolutionGuid = {2007F621-9735-4709-A210-0C6F0C3F8A6C}
	EndGlobalSection
EndGlobal
